
Microsoft Visual Studio Solution File, Format Version 12.00
# Visual Studio Version 17
VisualStudioVersion = 17.14.36603.0 d17.14
MinimumVisualStudioVersion = 10.0.40219.1
Project("{FAE04EC0-301F-11D3-BF4B-00C04F79EFBC}") = "TaskManager", "TaskManager\TaskManager.csproj", "{D9BFF207-B306-49EF-B71E-6D36EB7F54D8}"
EndProject
Global
	GlobalSection(SolutionConfigurationPlatforms) = preSolution
		Debug|Any CPU = Debug|Any CPU
		Release|Any CPU = Release|Any CPU
	EndGlobalSection
	GlobalSection(ProjectConfigurationPlatforms) = postSolution
		{D9BFF207-B306-49EF-B71E-6D36EB7F54D8}.Debug|Any CPU.ActiveCfg = Debug|Any CPU
		{D9BFF207-B306-49EF-B71E-6D36EB7F54D8}.Debug|Any CPU.Build.0 = Debug|Any CPU
		{D9BFF207-B306-49EF-B71E-6D36EB7F54D8}.Release|Any CPU.ActiveCfg = Release|Any CPU
		{D9BFF207-B306-49EF-B71E-6D36EB7F54D8}.Release|Any CPU.Build.0 = Release|Any CPU
	EndGlobalSection
	GlobalSection(SolutionProperties) = preSolution
		HideSolutionNode = FALSE
	EndGlobalSection
	GlobalSection(ExtensibilityGlobals) = postSolution
		SolutionGuid = {31AD8B22-7CE4-4A7F-9639-D1FA92D2688E}
	EndGlobalSection
EndGlobal
